
Microsoft Visual Studio Solution File, Format Version 12.00
# Visual Studio 15
VisualStudioVersion = 15.0.26403.7
MinimumVisualStudioVersion = 10.0.40219.1
Project("{FAE04EC0-301F-11D3-BF4B-00C04F79EFBC}") = "ServicesTestUnit", "TestUnitaire\ServicesTestUnit.csproj", "{EE7C373D-C93C-430E-85E8-34637AE26391}"
EndProject
Project("{FAE04EC0-301F-11D3-BF4B-00C04F79EFBC}") = "Console", "Console\Console.csproj", "{238C74FC-3A04-4625-A092-0CA97B60FB5B}"
EndProject
Project("{FAE04EC0-301F-11D3-BF4B-00C04F79EFBC}") = "ModelDonnees", "ModelDonnees\ModelDonnees.csproj", "{5AA9523A-DCA8-4D1B-8118-44828375A1B5}"
EndProject
Project("{FAE04EC0-301F-11D3-BF4B-00C04F79EFBC}") = "Services", "Services\Services.csproj", "{C06A78EE-6F3D-4A32-996D-2F405DAD4CB2}"
EndProject
Project("{FAE04EC0-301F-11D3-BF4B-00C04F79EFBC}") = "WPF", "WPF\WPF.csproj", "{5123FA37-B395-41A7-B65B-F3EB6E2B1585}"
EndProject
Project("{FAE04EC0-301F-11D3-BF4B-00C04F79EFBC}") = "ServiceWebWCF", "ServiceWebWCF\ServiceWebWCF.csproj", "{8346B8CD-A820-429F-83A5-BECDA9957709}"
EndProject
Project("{FAE04EC0-301F-11D3-BF4B-00C04F79EFBC}") = "Dto", "Dto\Dto.csproj", "{497D5014-EDD5-433D-BDF7-AE857B6AFB18}"
EndProject
Global
	GlobalSection(SolutionConfigurationPlatforms) = preSolution
		Debug|Any CPU = Debug|Any CPU
		Release|Any CPU = Release|Any CPU
	EndGlobalSection
	GlobalSection(ProjectConfigurationPlatforms) = postSolution
		{EE7C373D-C93C-430E-85E8-34637AE26391}.Debug|Any CPU.ActiveCfg = Debug|Any CPU
		{EE7C373D-C93C-430E-85E8-34637AE26391}.Debug|Any CPU.Build.0 = Debug|Any CPU
		{EE7C373D-C93C-430E-85E8-34637AE26391}.Release|Any CPU.ActiveCfg = Release|Any CPU
		{EE7C373D-C93C-430E-85E8-34637AE26391}.Release|Any CPU.Build.0 = Release|Any CPU
		{238C74FC-3A04-4625-A092-0CA97B60FB5B}.Debug|Any CPU.ActiveCfg = Debug|Any CPU
		{238C74FC-3A04-4625-A092-0CA97B60FB5B}.Debug|Any CPU.Build.0 = Debug|Any CPU
		{238C74FC-3A04-4625-A092-0CA97B60FB5B}.Release|Any CPU.ActiveCfg = Release|Any CPU
		{238C74FC-3A04-4625-A092-0CA97B60FB5B}.Release|Any CPU.Build.0 = Release|Any CPU
		{5AA9523A-DCA8-4D1B-8118-44828375A1B5}.Debug|Any CPU.ActiveCfg = Debug|Any CPU
		{5AA9523A-DCA8-4D1B-8118-44828375A1B5}.Debug|Any CPU.Build.0 = Debug|Any CPU
		{5AA9523A-DCA8-4D1B-8118-44828375A1B5}.Release|Any CPU.ActiveCfg = Release|Any CPU
		{5AA9523A-DCA8-4D1B-8118-44828375A1B5}.Release|Any CPU.Build.0 = Release|Any CPU
		{C06A78EE-6F3D-4A32-996D-2F405DAD4CB2}.Debug|Any CPU.ActiveCfg = Debug|Any CPU
		{C06A78EE-6F3D-4A32-996D-2F405DAD4CB2}.Debug|Any CPU.Build.0 = Debug|Any CPU
		{C06A78EE-6F3D-4A32-996D-2F405DAD4CB2}.Release|Any CPU.ActiveCfg = Release|Any CPU
		{C06A78EE-6F3D-4A32-996D-2F405DAD4CB2}.Release|Any CPU.Build.0 = Release|Any CPU
		{5123FA37-B395-41A7-B65B-F3EB6E2B1585}.Debug|Any CPU.ActiveCfg = Debug|Any CPU
		{5123FA37-B395-41A7-B65B-F3EB6E2B1585}.Debug|Any CPU.Build.0 = Debug|Any CPU
		{5123FA37-B395-41A7-B65B-F3EB6E2B1585}.Release|Any CPU.ActiveCfg = Release|Any CPU
		{5123FA37-B395-41A7-B65B-F3EB6E2B1585}.Release|Any CPU.Build.0 = Release|Any CPU
		{8346B8CD-A820-429F-83A5-BECDA9957709}.Debug|Any CPU.ActiveCfg = Debug|Any CPU
		{8346B8CD-A820-429F-83A5-BECDA9957709}.Debug|Any CPU.Build.0 = Debug|Any CPU
		{8346B8CD-A820-429F-83A5-BECDA9957709}.Release|Any CPU.ActiveCfg = Release|Any CPU
		{8346B8CD-A820-429F-83A5-BECDA9957709}.Release|Any CPU.Build.0 = Release|Any CPU
		{497D5014-EDD5-433D-BDF7-AE857B6AFB18}.Debug|Any CPU.ActiveCfg = Debug|Any CPU
		{497D5014-EDD5-433D-BDF7-AE857B6AFB18}.Debug|Any CPU.Build.0 = Debug|Any CPU
		{497D5014-EDD5-433D-BDF7-AE857B6AFB18}.Release|Any CPU.ActiveCfg = Release|Any CPU
		{497D5014-EDD5-433D-BDF7-AE857B6AFB18}.Release|Any CPU.Build.0 = Release|Any CPU
	EndGlobalSection
	GlobalSection(SolutionProperties) = preSolution
		HideSolutionNode = FALSE
	EndGlobalSection
	GlobalSection(ExtensibilityGlobals) = postSolution
		SolutionGuid = {B8235CE5-EA19-48AE-B053-D4A6F82A5B56}
	EndGlobalSection
EndGlobal
